<?xml version="1.0" encoding="utf-8"?>
<Project ToolsVersion="4.0" xmlns="http://schemas.microsoft.com/developer/msbuild/2003">
  <ItemGroup>
    <Filter Include="BRDFs">
      <UniqueIdentifier>{5b21b72f-c9b1-43dd-a318-d9077b26889a}</UniqueIdentifier>
    </Filter>
    <Filter Include="Cameras">
      <UniqueIdentifier>{a0312b06-ddb5-46d5-9263-f3eee62caec0}</UniqueIdentifier>
    </Filter>
    <Filter Include="Geometric Objects">
      <UniqueIdentifier>{ced7ade6-8572-41e8-92e4-b304ff11fbe6}</UniqueIdentifier>
    </Filter>
    <Filter Include="Lights">
      <UniqueIdentifier>{f636a2ed-57e2-4cd6-b18c-f7dc8ee96713}</UniqueIdentifier>
    </Filter>
    <Filter Include="Materials">
      <UniqueIdentifier>{83aa5ae7-1664-4e72-8d47-463378125b0c}</UniqueIdentifier>
    </Filter>
    <Filter Include="Tracers">
      <UniqueIdentifier>{19c35a86-871a-487e-98d2-6911f977a5ae}</UniqueIdentifier>
    </Filter>
    <Filter Include="User Interface">
      <UniqueIdentifier>{ee44203a-cf08-4ca0-8cdf-359be7f3ce5d}</UniqueIdentifier>
    </Filter>
    <Filter Include="Utilities">
      <UniqueIdentifier>{d2d3e842-a53e-426d-a676-9bd0c0459112}</UniqueIdentifier>
    </Filter>
    <Filter Include="World">
      <UniqueIdentifier>{691efb3f-e140-4890-9e5e-3eae650562ef}</UniqueIdentifier>
    </Filter>
    <Filter Include="BTDFs">
      <UniqueIdentifier>{c831b729-08f0-404d-98b9-716f74abb485}</UniqueIdentifier>
    </Filter>
    <Filter Include="Mappings">
      <UniqueIdentifier>{755faa75-89ae-4921-8465-48138b3ceeac}</UniqueIdentifier>
    </Filter>
    <Filter Include="Noises">
      <UniqueIdentifier>{5cdc7f80-40b7-4764-aa8c-926d535cbeae}</UniqueIdentifier>
    </Filter>
    <Filter Include="Samplers">
      <UniqueIdentifier>{3dc69406-77d1-4bf9-975b-1e0bff92f2da}</UniqueIdentifier>
    </Filter>
    <Filter Include="Textures">
      <UniqueIdentifier>{33cae808-f665-4e8f-b984-186283753999}</UniqueIdentifier>
    </Filter>
    <Filter Include="Build">
      <UniqueIdentifier>{a9c5a79e-4a7e-4eef-958a-897ec23cc751}</UniqueIdentifier>
    </Filter>
    <Filter Include="Thread">
      <UniqueIdentifier>{d8c82ddf-c85d-40a1-9528-5b07623fc074}</UniqueIdentifier>
    </Filter>
    <Filter Include="BSDFs">
      <UniqueIdentifier>{1d63b9e9-28ef-49e8-822b-4e2b3ca86e96}</UniqueIdentifier>
    </Filter>
  </ItemGroup>
  <ItemGroup>
    <ClCompile Include="raytracer\BRDFs\BRDF.cpp">
      <Filter>BRDFs</Filter>
    </ClCompile>
    <ClCompile Include="raytracer\BRDFs\Lambertian.cpp">
      <Filter>BRDFs</Filter>
    </ClCompile>
    <ClCompile Include="raytracer\Cameras\Camera.cpp">
      <Filter>Cameras</Filter>
    </ClCompile>
    <ClCompile Include="raytracer\Cameras\Pinhole.cpp">
      <Filter>Cameras</Filter>
    </ClCompile>
    <ClCompile Include="raytracer\GeometricObjects\GeometricObject.cpp">
      <Filter>Geometric Objects</Filter>
    </ClCompile>
    <ClCompile Include="raytracer\GeometricObjects\Plane.cpp">
      <Filter>Geometric Objects</Filter>
    </ClCompile>
    <ClCompile Include="raytracer\GeometricObjects\Sphere.cpp">
      <Filter>Geometric Objects</Filter>
    </ClCompile>
    <ClCompile Include="raytracer\Lights\Ambient.cpp">
      <Filter>Lights</Filter>
    </ClCompile>
    <ClCompile Include="raytracer\Lights\Directional.cpp">
      <Filter>Lights</Filter>
    </ClCompile>
    <ClCompile Include="raytracer\Lights\Light.cpp">
      <Filter>Lights</Filter>
    </ClCompile>
    <ClCompile Include="raytracer\Materials\Material.cpp">
      <Filter>Materials</Filter>
    </ClCompile>
    <ClCompile Include="raytracer\Materials\Matte.cpp">
      <Filter>Materials</Filter>
    </ClCompile>
    <ClCompile Include="raytracer\Tracers\MultipleObjects.cpp">
      <Filter>Tracers</Filter>
    </ClCompile>
    <ClCompile Include="raytracer\Tracers\RayCast.cpp">
      <Filter>Tracers</Filter>
    </ClCompile>
    <ClCompile Include="raytracer\Tracers\SingleSphere.cpp">
      <Filter>Tracers</Filter>
    </ClCompile>
    <ClCompile Include="raytracer\Tracers\Tracer.cpp">
      <Filter>Tracers</Filter>
    </ClCompile>
    <ClCompile Include="raytracer\UserInterface\wxraytracer.cpp">
      <Filter>User Interface</Filter>
    </ClCompile>
    <ClCompile Include="raytracer\Utilities\Matrix.cpp">
      <Filter>Utilities</Filter>
    </ClCompile>
    <ClCompile Include="raytracer\Utilities\Normal.cpp">
      <Filter>Utilities</Filter>
    </ClCompile>
    <ClCompile Include="raytracer\Utilities\Point2D.cpp">
      <Filter>Utilities</Filter>
    </ClCompile>
    <ClCompile Include="raytracer\Utilities\Point3D.cpp">
      <Filter>Utilities</Filter>
    </ClCompile>
    <ClCompile Include="raytracer\Utilities\Ray.cpp">
      <Filter>Utilities</Filter>
    </ClCompile>
    <ClCompile Include="raytracer\Utilities\RGBColor.cpp">
      <Filter>Utilities</Filter>
    </ClCompile>
    <ClCompile Include="raytracer\Utilities\ShadeRec.cpp">
      <Filter>Utilities</Filter>
    </ClCompile>
    <ClCompile Include="raytracer\Utilities\Vector3D.cpp">
      <Filter>Utilities</Filter>
    </ClCompile>
    <ClCompile Include="raytracer\World\ViewPlane.cpp">
      <Filter>World</Filter>
    </ClCompile>
    <ClCompile Include="raytracer\World\World.cpp">
      <Filter>World</Filter>
    </ClCompile>
    <ClCompile Include="raytracer\Samplers\Jittered.cpp">
      <Filter>Samplers</Filter>
    </ClCompile>
    <ClCompile Include="raytracer\Samplers\Sampler.cpp">
      <Filter>Samplers</Filter>
    </ClCompile>
    <ClCompile Include="raytracer\Samplers\NRooks.cpp">
      <Filter>Samplers</Filter>
    </ClCompile>
    <ClCompile Include="raytracer\Samplers\MultiJittered.cpp">
      <Filter>Samplers</Filter>
    </ClCompile>
    <ClCompile Include="raytracer\GeometricObjects\Rectangle.cpp">
      <Filter>Geometric Objects</Filter>
    </ClCompile>
    <ClCompile Include="raytracer\Utilities\BBox.cpp">
      <Filter>Utilities</Filter>
    </ClCompile>
    <ClCompile Include="raytracer\GeometricObjects\Triangle.cpp">
      <Filter>Geometric Objects</Filter>
    </ClCompile>
    <ClCompile Include="raytracer\Cameras\ThinLens.cpp">
      <Filter>Cameras</Filter>
    </ClCompile>
    <ClCompile Include="raytracer\Cameras\FishEye.cpp">
      <Filter>Cameras</Filter>
    </ClCompile>
    <ClCompile Include="raytracer\GeometricObjects\SolidCylinder.cpp">
      <Filter>Geometric Objects</Filter>
    </ClCompile>
    <ClCompile Include="raytracer\GeometricObjects\Box.cpp">
      <Filter>Geometric Objects</Filter>
    </ClCompile>
    <ClCompile Include="raytracer\build\BuildShadedObjects.cpp">
      <Filter>Build</Filter>
    </ClCompile>
    <ClCompile Include="raytracer\Lights\PointLight.cpp">
      <Filter>Lights</Filter>
    </ClCompile>
    <ClCompile Include="raytracer\BRDFs\GlossySpecular.cpp">
      <Filter>BRDFs</Filter>
    </ClCompile>
    <ClCompile Include="raytracer\BRDFs\PerfectSpecular.cpp">
      <Filter>BRDFs</Filter>
    </ClCompile>
    <ClCompile Include="raytracer\Materials\Phong.cpp">
      <Filter>Materials</Filter>
    </ClCompile>
    <ClCompile Include="raytracer\Lights\AmbientOccluder.cpp">
      <Filter>Lights</Filter>
    </ClCompile>
    <ClCompile Include="raytracer\GeometricObjects\ConvexPartCylinder.cpp">
      <Filter>Geometric Objects</Filter>
    </ClCompile>
    <ClCompile Include="raytracer\Lights\AreaLight.cpp">
      <Filter>Lights</Filter>
    </ClCompile>
    <ClCompile Include="raytracer\Tracers\AreaLighting.cpp">
      <Filter>Tracers</Filter>
    </ClCompile>
    <ClCompile Include="raytracer\Materials\Emissive.cpp">
      <Filter>Materials</Filter>
    </ClCompile>
    <ClCompile Include="raytracer\Lights\EnvironmentLight.cpp">
      <Filter>Lights</Filter>
    </ClCompile>
    <ClCompile Include="raytracer\GeometricObjects\ConcaveSphere.cpp">
      <Filter>Geometric Objects</Filter>
    </ClCompile>
    <ClCompile Include="raytracer\GeometricObjects\Instance.cpp">
      <Filter>Geometric Objects</Filter>
    </ClCompile>
    <ClCompile Include="raytracer\GeometricObjects\Grid.cpp">
      <Filter>Geometric Objects</Filter>
    </ClCompile>
    <ClCompile Include="raytracer\GeometricObjects\Compound.cpp">
      <Filter>Geometric Objects</Filter>
    </ClCompile>
    <ClCompile Include="raytracer\GeometricObjects\SmoothTriangle.cpp">
      <Filter>Geometric Objects</Filter>
    </ClCompile>
    <ClCompile Include="raytracer\GeometricObjects\ply.cpp">
      <Filter>Geometric Objects</Filter>
    </ClCompile>
    <ClCompile Include="raytracer\GeometricObjects\Mesh.cpp">
      <Filter>Geometric Objects</Filter>
    </ClCompile>
    <ClCompile Include="raytracer\GeometricObjects\FlatMeshTriangle.cpp">
      <Filter>Geometric Objects</Filter>
    </ClCompile>
    <ClCompile Include="raytracer\GeometricObjects\SmoothMeshTriangle.cpp">
      <Filter>Geometric Objects</Filter>
    </ClCompile>
    <ClCompile Include="raytracer\GeometricObjects\MeshTriangle.cpp">
      <Filter>Geometric Objects</Filter>
    </ClCompile>
    <ClCompile Include="raytracer\Tracers\Whitted.cpp">
      <Filter>Tracers</Filter>
    </ClCompile>
    <ClCompile Include="raytracer\Samplers\Regular.cpp">
      <Filter>Samplers</Filter>
    </ClCompile>
    <ClCompile Include="raytracer\Materials\Reflective.cpp">
      <Filter>Materials</Filter>
    </ClCompile>
    <ClCompile Include="raytracer\Materials\GlossyReflector.cpp">
      <Filter>Materials</Filter>
    </ClCompile>
    <ClCompile Include="raytracer\Tracers\PathTrace.cpp">
      <Filter>Tracers</Filter>
    </ClCompile>
    <ClCompile Include="raytracer\BTDFs\BTDF.cpp">
      <Filter>BTDFs</Filter>
    </ClCompile>
    <ClCompile Include="raytracer\BTDFs\PerfectTransmitter.cpp">
      <Filter>BTDFs</Filter>
    </ClCompile>
    <ClCompile Include="raytracer\Materials\Transparent.cpp">
      <Filter>Materials</Filter>
    </ClCompile>
    <ClCompile Include="raytracer\Thread\ThreadPool.cpp">
      <Filter>Thread</Filter>
    </ClCompile>
    <ClCompile Include="raytracer\Materials\Dielectric.cpp">
      <Filter>Materials</Filter>
    </ClCompile>
    <ClCompile Include="raytracer\BRDFs\FresnelReflector.cpp">
      <Filter>BRDFs</Filter>
    </ClCompile>
    <ClCompile Include="raytracer\BRDFs\FresnelTransmitter.cpp">
      <Filter>BTDFs</Filter>
    </ClCompile>
    <ClCompile Include="raytracer\Mappings\Mapping.cpp">
      <Filter>Mappings</Filter>
    </ClCompile>
    <ClCompile Include="raytracer\Textures\ConstantColor.cpp">
      <Filter>Textures</Filter>
    </ClCompile>
    <ClCompile Include="raytracer\Textures\Image.cpp">
      <Filter>Textures</Filter>
    </ClCompile>
    <ClCompile Include="raytracer\Textures\ImageTexture.cpp">
      <Filter>Textures</Filter>
    </ClCompile>
    <ClCompile Include="raytracer\Textures\Texture.cpp">
      <Filter>Textures</Filter>
    </ClCompile>
    <ClCompile Include="raytracer\Materials\SV_Emissive.cpp">
      <Filter>Materials</Filter>
    </ClCompile>
    <ClCompile Include="raytracer\Materials\SV_GlossyReflector.cpp">
      <Filter>Materials</Filter>
    </ClCompile>
    <ClCompile Include="raytracer\Materials\SV_GlossySpecular.cpp">
      <Filter>Materials</Filter>
    </ClCompile>
    <ClCompile Include="raytracer\Materials\SV_Lambertian.cpp">
      <Filter>Materials</Filter>
    </ClCompile>
    <ClCompile Include="raytracer\Materials\SV_Matte.cpp">
      <Filter>Materials</Filter>
    </ClCompile>
    <ClCompile Include="raytracer\Materials\SV_PerfectSpecular.cpp">
      <Filter>Materials</Filter>
    </ClCompile>
    <ClCompile Include="raytracer\Materials\SV_Phong.cpp">
      <Filter>Materials</Filter>
    </ClCompile>
    <ClCompile Include="raytracer\Materials\SV_Reflector.cpp">
      <Filter>Materials</Filter>
    </ClCompile>
    <ClCompile Include="raytracer\Textures\SphereChecker.cpp">
      <Filter>Textures</Filter>
    </ClCompile>
    <ClCompile Include="raytracer\Textures\SphereTextures.cpp">
      <Filter>Textures</Filter>
    </ClCompile>
    <ClCompile Include="raytracer\Materials\SphereMaterials.cpp">
      <Filter>Materials</Filter>
    </ClCompile>
    <ClCompile Include="raytracer\Mappings\RectangularMap.cpp">
      <Filter>Mappings</Filter>
    </ClCompile>
    <ClCompile Include="raytracer\Mappings\SphericalMap.cpp">
      <Filter>Mappings</Filter>
    </ClCompile>
    <ClCompile Include="raytracer\Textures\Checker3D.cpp">
      <Filter>Textures</Filter>
    </ClCompile>
    <ClCompile Include="raytracer\Textures\TInstance.cpp">
      <Filter>Textures</Filter>
    </ClCompile>
    <ClCompile Include="raytracer\GeometricObjects\Disk.cpp">
      <Filter>Geometric Objects</Filter>
    </ClCompile>
    <ClCompile Include="raytracer\GeometricObjects\OpenCylinder.cpp">
      <Filter>Geometric Objects</Filter>
    </ClCompile>
    <ClCompile Include="raytracer\BRDFs\Microfacet.cpp">
      <Filter>BRDFs</Filter>
    </ClCompile>
    <ClCompile Include="raytracer\Materials\SV_GlossyFacet.cpp">
      <Filter>Materials</Filter>
    </ClCompile>
    <ClCompile Include="raytracer\BSDF\BSDF.cpp">
      <Filter>BSDFs</Filter>
    </ClCompile>
    <ClCompile Include="raytracer\BTDFs\MicfacetBTDF.cpp">
      <Filter>BTDFs</Filter>
    </ClCompile>
  </ItemGroup>
  <ItemGroup>
    <ClInclude Include="raytracer\BRDFs\BRDF.h">
      <Filter>BRDFs</Filter>
    </ClInclude>
    <ClInclude Include="raytracer\BRDFs\Lambertian.h">
      <Filter>BRDFs</Filter>
    </ClInclude>
    <ClInclude Include="raytracer\Cameras\Camera.h">
      <Filter>Cameras</Filter>
    </ClInclude>
    <ClInclude Include="raytracer\Cameras\Pinhole.h">
      <Filter>Cameras</Filter>
    </ClInclude>
    <ClInclude Include="raytracer\GeometricObjects\GeometricObject.h">
      <Filter>Geometric Objects</Filter>
    </ClInclude>
    <ClInclude Include="raytracer\GeometricObjects\Plane.h">
      <Filter>Geometric Objects</Filter>
    </ClInclude>
    <ClInclude Include="raytracer\GeometricObjects\Sphere.h">
      <Filter>Geometric Objects</Filter>
    </ClInclude>
    <ClInclude Include="raytracer\Lights\Ambient.h">
      <Filter>Lights</Filter>
    </ClInclude>
    <ClInclude Include="raytracer\Lights\Directional.h">
      <Filter>Lights</Filter>
    </ClInclude>
    <ClInclude Include="raytracer\Lights\Light.h">
      <Filter>Lights</Filter>
    </ClInclude>
    <ClInclude Include="raytracer\Materials\Material.h">
      <Filter>Materials</Filter>
    </ClInclude>
    <ClInclude Include="raytracer\Materials\Matte.h">
      <Filter>Materials</Filter>
    </ClInclude>
    <ClInclude Include="raytracer\Tracers\MultipleObjects.h">
      <Filter>Tracers</Filter>
    </ClInclude>
    <ClInclude Include="raytracer\Tracers\RayCast.h">
      <Filter>Tracers</Filter>
    </ClInclude>
    <ClInclude Include="raytracer\Tracers\SingleSphere.h">
      <Filter>Tracers</Filter>
    </ClInclude>
    <ClInclude Include="raytracer\Tracers\Tracer.h">
      <Filter>Tracers</Filter>
    </ClInclude>
    <ClInclude Include="raytracer\UserInterface\wxraytracer.h">
      <Filter>User Interface</Filter>
    </ClInclude>
    <ClInclude Include="raytracer\Utilities\Constants.h">
      <Filter>Utilities</Filter>
    </ClInclude>
    <ClInclude Include="raytracer\Utilities\Maths.h">
      <Filter>Utilities</Filter>
    </ClInclude>
    <ClInclude Include="raytracer\Utilities\Matrix.h">
      <Filter>Utilities</Filter>
    </ClInclude>
    <ClInclude Include="raytracer\Utilities\Normal.h">
      <Filter>Utilities</Filter>
    </ClInclude>
    <ClInclude Include="raytracer\Utilities\Point2D.h">
      <Filter>Utilities</Filter>
    </ClInclude>
    <ClInclude Include="raytracer\Utilities\Point3D.h">
      <Filter>Utilities</Filter>
    </ClInclude>
    <ClInclude Include="raytracer\Utilities\Ray.h">
      <Filter>Utilities</Filter>
    </ClInclude>
    <ClInclude Include="raytracer\Utilities\RGBColor.h">
      <Filter>Utilities</Filter>
    </ClInclude>
    <ClInclude Include="raytracer\Utilities\ShadeRec.h">
      <Filter>Utilities</Filter>
    </ClInclude>
    <ClInclude Include="raytracer\Utilities\Vector3D.h">
      <Filter>Utilities</Filter>
    </ClInclude>
    <ClInclude Include="raytracer\World\ViewPlane.h">
      <Filter>World</Filter>
    </ClInclude>
    <ClInclude Include="raytracer\World\World.h">
      <Filter>World</Filter>
    </ClInclude>
    <ClInclude Include="raytracer\Samplers\Sampler.h">
      <Filter>Samplers</Filter>
    </ClInclude>
    <ClInclude Include="raytracer\Samplers\Jittered.h">
      <Filter>Samplers</Filter>
    </ClInclude>
    <ClInclude Include="raytracer\Samplers\NRooks.h">
      <Filter>Samplers</Filter>
    </ClInclude>
    <ClInclude Include="raytracer\Samplers\MultiJittered.h">
      <Filter>Samplers</Filter>
    </ClInclude>
    <ClInclude Include="raytracer\GeometricObjects\Rectangle.h">
      <Filter>Geometric Objects</Filter>
    </ClInclude>
    <ClInclude Include="raytracer\Utilities\BBox.h">
      <Filter>Utilities</Filter>
    </ClInclude>
    <ClInclude Include="raytracer\GeometricObjects\Triangle.h">
      <Filter>Geometric Objects</Filter>
    </ClInclude>
    <ClInclude Include="raytracer\Cameras\ThinLens.h">
      <Filter>Cameras</Filter>
    </ClInclude>
    <ClInclude Include="raytracer\Cameras\FishEye.h">
      <Filter>Cameras</Filter>
    </ClInclude>
    <ClInclude Include="raytracer\Utilities\DebugPrint.h">
      <Filter>Utilities</Filter>
    </ClInclude>
    <ClInclude Include="raytracer\GeometricObjects\SolidCylinder.h">
      <Filter>Geometric Objects</Filter>
    </ClInclude>
    <ClInclude Include="raytracer\GeometricObjects\Box.h">
      <Filter>Geometric Objects</Filter>
    </ClInclude>
    <ClInclude Include="raytracer\Lights\PointLight.h">
      <Filter>Lights</Filter>
    </ClInclude>
    <ClInclude Include="raytracer\BRDFs\GlossySpecular.h">
      <Filter>BRDFs</Filter>
    </ClInclude>
    <ClInclude Include="raytracer\BRDFs\PerfectSpecular.h">
      <Filter>BRDFs</Filter>
    </ClInclude>
    <ClInclude Include="raytracer\Materials\Phong.h">
      <Filter>Materials</Filter>
    </ClInclude>
    <ClInclude Include="raytracer\Utilities\pre_define.h">
      <Filter>Utilities</Filter>
    </ClInclude>
    <ClInclude Include="raytracer\Lights\AmbientOccluder.h">
      <Filter>Lights</Filter>
    </ClInclude>
    <ClInclude Include="raytracer\GeometricObjects\ConvexPartCylinder.h">
      <Filter>Geometric Objects</Filter>
    </ClInclude>
    <ClInclude Include="raytracer\Lights\AreaLight.h">
      <Filter>Lights</Filter>
    </ClInclude>
    <ClInclude Include="raytracer\Tracers\AreaLighting.h">
      <Filter>Tracers</Filter>
    </ClInclude>
    <ClInclude Include="raytracer\Materials\Emissive.h">
      <Filter>Materials</Filter>
    </ClInclude>
    <ClInclude Include="raytracer\Lights\EnvironmentLight.h">
      <Filter>Lights</Filter>
    </ClInclude>
    <ClInclude Include="raytracer\GeometricObjects\ConcaveSphere.h">
      <Filter>Geometric Objects</Filter>
    </ClInclude>
    <ClInclude Include="raytracer\GeometricObjects\Instance.h">
      <Filter>Geometric Objects</Filter>
    </ClInclude>
    <ClInclude Include="raytracer\GeometricObjects\Grid.h">
      <Filter>Geometric Objects</Filter>
    </ClInclude>
    <ClInclude Include="raytracer\GeometricObjects\Compound.h">
      <Filter>Geometric Objects</Filter>
    </ClInclude>
    <ClInclude Include="raytracer\GeometricObjects\SmoothTriangle.h">
      <Filter>Geometric Objects</Filter>
    </ClInclude>
    <ClInclude Include="raytracer\GeometricObjects\ply.h">
      <Filter>Geometric Objects</Filter>
    </ClInclude>
    <ClInclude Include="raytracer\GeometricObjects\Mesh.h">
      <Filter>Geometric Objects</Filter>
    </ClInclude>
    <ClInclude Include="raytracer\GeometricObjects\FlatMeshTriangle.h">
      <Filter>Geometric Objects</Filter>
    </ClInclude>
    <ClInclude Include="raytracer\GeometricObjects\SmoothMeshTriangle.h">
      <Filter>Geometric Objects</Filter>
    </ClInclude>
    <ClInclude Include="raytracer\GeometricObjects\MeshTriangle.h">
      <Filter>Geometric Objects</Filter>
    </ClInclude>
    <ClInclude Include="raytracer\Tracers\Whitted.h">
      <Filter>Tracers</Filter>
    </ClInclude>
    <ClInclude Include="raytracer\Samplers\Regular.h">
      <Filter>Samplers</Filter>
    </ClInclude>
    <ClInclude Include="raytracer\Materials\Reflective.h">
      <Filter>Materials</Filter>
    </ClInclude>
    <ClInclude Include="raytracer\Materials\GlossyReflector.h">
      <Filter>Materials</Filter>
    </ClInclude>
    <ClInclude Include="raytracer\Tracers\PathTrace.h">
      <Filter>Tracers</Filter>
    </ClInclude>
    <ClInclude Include="raytracer\BTDFs\BTDF.h">
      <Filter>BTDFs</Filter>
    </ClInclude>
    <ClInclude Include="raytracer\BTDFs\PerfectTransmitter.h">
      <Filter>BTDFs</Filter>
    </ClInclude>
    <ClInclude Include="raytracer\Materials\Transparent.h">
      <Filter>Materials</Filter>
    </ClInclude>
    <ClInclude Include="raytracer\Thread\ThreadPool.h">
      <Filter>Thread</Filter>
    </ClInclude>
    <ClInclude Include="raytracer\Thread\ThreadLocalStorge.h">
      <Filter>Thread</Filter>
    </ClInclude>
    <ClInclude Include="raytracer\Materials\Dielectric.h">
      <Filter>Materials</Filter>
    </ClInclude>
    <ClInclude Include="raytracer\BRDFs\FresnelReflector.h">
      <Filter>BRDFs</Filter>
    </ClInclude>
    <ClInclude Include="raytracer\BRDFs\FresnelTransmitter.h">
      <Filter>BTDFs</Filter>
    </ClInclude>
    <ClInclude Include="raytracer\Mappings\Mapping.h">
      <Filter>Mappings</Filter>
    </ClInclude>
    <ClInclude Include="raytracer\Textures\ConstantColor.h">
      <Filter>Textures</Filter>
    </ClInclude>
    <ClInclude Include="raytracer\Textures\Image.h">
      <Filter>Textures</Filter>
    </ClInclude>
    <ClInclude Include="raytracer\Textures\ImageTexture.h">
      <Filter>Textures</Filter>
    </ClInclude>
    <ClInclude Include="raytracer\Textures\Texture.h">
      <Filter>Textures</Filter>
    </ClInclude>
    <ClInclude Include="raytracer\Materials\SV_Reflector.h">
      <Filter>Materials</Filter>
    </ClInclude>
    <ClInclude Include="raytracer\Materials\SV_Emissive.h">
      <Filter>Materials</Filter>
    </ClInclude>
    <ClInclude Include="raytracer\Materials\SV_GlossyReflector.h">
      <Filter>Materials</Filter>
    </ClInclude>
    <ClInclude Include="raytracer\Materials\SV_GlossySpecular.h">
      <Filter>Materials</Filter>
    </ClInclude>
    <ClInclude Include="raytracer\Materials\SV_Lambertian.h">
      <Filter>Materials</Filter>
    </ClInclude>
    <ClInclude Include="raytracer\Materials\SV_Matte.h">
      <Filter>Materials</Filter>
    </ClInclude>
    <ClInclude Include="raytracer\Materials\SV_PerfectSpecular.h">
      <Filter>Materials</Filter>
    </ClInclude>
    <ClInclude Include="raytracer\Materials\SV_Phong.h">
      <Filter>Materials</Filter>
    </ClInclude>
    <ClInclude Include="raytracer\Textures\SphereChecker.h">
      <Filter>Textures</Filter>
    </ClInclude>
    <ClInclude Include="raytracer\Textures\SphereTextures.h">
      <Filter>Textures</Filter>
    </ClInclude>
    <ClInclude Include="raytracer\Materials\SphereMaterials.h">
      <Filter>Materials</Filter>
    </ClInclude>
    <ClInclude Include="raytracer\Mappings\RectangularMap.h">
      <Filter>Mappings</Filter>
    </ClInclude>
    <ClInclude Include="raytracer\Mappings\SphericalMap.h">
      <Filter>Mappings</Filter>
    </ClInclude>
    <ClInclude Include="raytracer\Textures\Checker3D.h">
      <Filter>Textures</Filter>
    </ClInclude>
    <ClInclude Include="raytracer\Textures\TInstance.h">
      <Filter>Textures</Filter>
    </ClInclude>
    <ClInclude Include="raytracer\GeometricObjects\Disk.h">
      <Filter>Geometric Objects</Filter>
    </ClInclude>
    <ClInclude Include="raytracer\GeometricObjects\OpenCylinder.h">
      <Filter>Geometric Objects</Filter>
    </ClInclude>
    <ClInclude Include="raytracer\BRDFs\Microfacet.h">
      <Filter>BRDFs</Filter>
    </ClInclude>
    <ClInclude Include="raytracer\Materials\SV_GlossyFacet.h">
      <Filter>Materials</Filter>
    </ClInclude>
    <ClInclude Include="raytracer\BSDF\BSDF.h">
      <Filter>BSDFs</Filter>
    </ClInclude>
    <ClInclude Include="raytracer\BTDFs\MicfacetBTDF.h">
      <Filter>BTDFs</Filter>
    </ClInclude>
    <ClInclude Include="raytracer\Utilities\Util.h">
      <Filter>Utilities</Filter>
    </ClInclude>
  </ItemGroup>
</Project>